
Microsoft Visual Studio Solution File, Format Version 12.00
# Visual Studio Version 17
VisualStudioVersion = 17.10.35027.167
MinimumVisualStudioVersion = 10.0.40219.1
Project("{FAE04EC0-301F-11D3-BF4B-00C04F79EFBC}") = "LoginFormUSING_AJAX", "LoginFormUSING_AJAX\LoginFormUSING_AJAX.csproj", "{C36D24BB-4840-4165-B92A-CDA809E6025B}"
EndProject
Global
	GlobalSection(SolutionConfigurationPlatforms) = preSolution
		Debug|Any CPU = Debug|Any CPU
		Release|Any CPU = Release|Any CPU
	EndGlobalSection
	GlobalSection(ProjectConfigurationPlatforms) = postSolution
		{C36D24BB-4840-4165-B92A-CDA809E6025B}.Debug|Any CPU.ActiveCfg = Debug|Any CPU
		{C36D24BB-4840-4165-B92A-CDA809E6025B}.Debug|Any CPU.Build.0 = Debug|Any CPU
		{C36D24BB-4840-4165-B92A-CDA809E6025B}.Release|Any CPU.ActiveCfg = Release|Any CPU
		{C36D24BB-4840-4165-B92A-CDA809E6025B}.Release|Any CPU.Build.0 = Release|Any CPU
	EndGlobalSection
	GlobalSection(SolutionProperties) = preSolution
		HideSolutionNode = FALSE
	EndGlobalSection
	GlobalSection(ExtensibilityGlobals) = postSolution
		SolutionGuid = {BC2E758C-2A5C-4882-B50D-77B6F3468063}
	EndGlobalSection
EndGlobal
